
Microsoft Visual Studio Solution File, Format Version 12.00
# Visual Studio Version 16
VisualStudioVersion = 16.0.30002.166
MinimumVisualStudioVersion = 10.0.40219.1
Project("{2150E333-8FDC-42A3-9474-1A3956D46DE8}") = "A", "A", "{7D3CDD0A-47BA-4517-B8F6-2698BB9CA0CC}"
EndProject
Project("{2150E333-8FDC-42A3-9474-1A3956D46DE8}") = "B", "B", "{FB79A783-C9AC-4834-B684-01A203BFED11}"
EndProject
Project("{2150E333-8FDC-42A3-9474-1A3956D46DE8}") = "C", "C", "{B5902874-25F9-48DA-9626-60C96F8CD97D}"
EndProject
Project("{FAE04EC0-301F-11D3-BF4B-00C04F79EFBC}") = "ClassLibraryA", "ClassLibraryA\ClassLibraryA.csproj", "{2D1DADA0-037D-4CD4-97F8-84DE7DE85A73}"
EndProject
Project("{FAE04EC0-301F-11D3-BF4B-00C04F79EFBC}") = "ClassLibraryB", "ClassLibraryB\ClassLibraryB.csproj", "{61CBC847-9508-4D7F-9AF1-1424736FDD61}"
EndProject
Global
	GlobalSection(SolutionConfigurationPlatforms) = preSolution
		Debug|Any CPU = Debug|Any CPU
		Release|Any CPU = Release|Any CPU
	EndGlobalSection
	GlobalSection(ProjectConfigurationPlatforms) = postSolution
		{2D1DADA0-037D-4CD4-97F8-84DE7DE85A73}.Debug|Any CPU.ActiveCfg = Debug|Any CPU
		{2D1DADA0-037D-4CD4-97F8-84DE7DE85A73}.Debug|Any CPU.Build.0 = Debug|Any CPU
		{2D1DADA0-037D-4CD4-97F8-84DE7DE85A73}.Release|Any CPU.ActiveCfg = Release|Any CPU
		{2D1DADA0-037D-4CD4-97F8-84DE7DE85A73}.Release|Any CPU.Build.0 = Release|Any CPU
		{61CBC847-9508-4D7F-9AF1-1424736FDD61}.Debug|Any CPU.ActiveCfg = Debug|Any CPU
		{61CBC847-9508-4D7F-9AF1-1424736FDD61}.Debug|Any CPU.Build.0 = Debug|Any CPU
		{61CBC847-9508-4D7F-9AF1-1424736FDD61}.Release|Any CPU.ActiveCfg = Release|Any CPU
		{61CBC847-9508-4D7F-9AF1-1424736FDD61}.Release|Any CPU.Build.0 = Release|Any CPU
	EndGlobalSection
	GlobalSection(SolutionProperties) = preSolution
		HideSolutionNode = FALSE
	EndGlobalSection
	GlobalSection(NestedProjects) = preSolution
		{2D1DADA0-037D-4CD4-97F8-84DE7DE85A73} = {7D3CDD0A-47BA-4517-B8F6-2698BB9CA0CC}
		{61CBC847-9508-4D7F-9AF1-1424736FDD61} = {FB79A783-C9AC-4834-B684-01A203BFED11}
	EndGlobalSection
	GlobalSection(ExtensibilityGlobals) = postSolution
		SolutionGuid = {3D35B1C1-005F-488A-A624-4244D3CE5BFB}
	EndGlobalSection
EndGlobal
